
Microsoft Visual Studio Solution File, Format Version 12.00
# Visual Studio Version 16
VisualStudioVersion = 16.0.809.10
MinimumVisualStudioVersion = 10.0.40219.1
Project("{FAE04EC0-301F-11D3-BF4B-00C04F79EFBC}") = "LanguageFlash.API", "LanguageFlash.API\LanguageFlash.API.csproj", "{7E3C9CA9-932F-46E1-92B0-7EDAE51A155F}"
EndProject
Project("{FAE04EC0-301F-11D3-BF4B-00C04F79EFBC}") = "LanguageFlash.Application", "LanguageFlash.Application\LanguageFlash.Application.csproj", "{B9E072C2-9F7A-48A5-8810-1771DC890A5D}"
EndProject
Project("{FAE04EC0-301F-11D3-BF4B-00C04F79EFBC}") = "LanguageFlash.Domain", "LanguageFlash.Domain\LanguageFlash.Domain.csproj", "{5BAF135A-2D73-43A1-B924-C221C607576A}"
EndProject
Project("{FAE04EC0-301F-11D3-BF4B-00C04F79EFBC}") = "LanguageFlash.Persistence", "LanguageFlash.Persistence\LanguageFlash.Persistence.csproj", "{DFFB2661-45CB-450B-AEDF-C220F60047FC}"
EndProject
Global
	GlobalSection(SolutionConfigurationPlatforms) = preSolution
		Debug|Any CPU = Debug|Any CPU
		Release|Any CPU = Release|Any CPU
	EndGlobalSection
	GlobalSection(ProjectConfigurationPlatforms) = postSolution
		{7E3C9CA9-932F-46E1-92B0-7EDAE51A155F}.Debug|Any CPU.ActiveCfg = Debug|Any CPU
		{7E3C9CA9-932F-46E1-92B0-7EDAE51A155F}.Debug|Any CPU.Build.0 = Debug|Any CPU
		{7E3C9CA9-932F-46E1-92B0-7EDAE51A155F}.Release|Any CPU.ActiveCfg = Release|Any CPU
		{7E3C9CA9-932F-46E1-92B0-7EDAE51A155F}.Release|Any CPU.Build.0 = Release|Any CPU
		{B9E072C2-9F7A-48A5-8810-1771DC890A5D}.Debug|Any CPU.ActiveCfg = Debug|Any CPU
		{B9E072C2-9F7A-48A5-8810-1771DC890A5D}.Debug|Any CPU.Build.0 = Debug|Any CPU
		{B9E072C2-9F7A-48A5-8810-1771DC890A5D}.Release|Any CPU.ActiveCfg = Release|Any CPU
		{B9E072C2-9F7A-48A5-8810-1771DC890A5D}.Release|Any CPU.Build.0 = Release|Any CPU
		{5BAF135A-2D73-43A1-B924-C221C607576A}.Debug|Any CPU.ActiveCfg = Debug|Any CPU
		{5BAF135A-2D73-43A1-B924-C221C607576A}.Debug|Any CPU.Build.0 = Debug|Any CPU
		{5BAF135A-2D73-43A1-B924-C221C607576A}.Release|Any CPU.ActiveCfg = Release|Any CPU
		{5BAF135A-2D73-43A1-B924-C221C607576A}.Release|Any CPU.Build.0 = Release|Any CPU
		{DFFB2661-45CB-450B-AEDF-C220F60047FC}.Debug|Any CPU.ActiveCfg = Debug|Any CPU
		{DFFB2661-45CB-450B-AEDF-C220F60047FC}.Debug|Any CPU.Build.0 = Debug|Any CPU
		{DFFB2661-45CB-450B-AEDF-C220F60047FC}.Release|Any CPU.ActiveCfg = Release|Any CPU
		{DFFB2661-45CB-450B-AEDF-C220F60047FC}.Release|Any CPU.Build.0 = Release|Any CPU
	EndGlobalSection
	GlobalSection(SolutionProperties) = preSolution
		HideSolutionNode = FALSE
	EndGlobalSection
	GlobalSection(ExtensibilityGlobals) = postSolution
		SolutionGuid = {0D1C56AA-6B36-4696-88A6-ABD79A159278}
	EndGlobalSection
EndGlobal
